
Microsoft Visual Studio Solution File, Format Version 12.00
# Visual Studio 15
VisualStudioVersion = 15.0.27130.0
MinimumVisualStudioVersion = 10.0.40219.1
Project("{9A19103F-16F7-4668-BE54-9A1E7A4F7556}") = "LtsParkingAppApi", "LtsParkingAppApi\LtsParkingAppApi.csproj", "{ED3C8F83-E133-4ADC-8DBE-DEFFBBB2B2E5}"
EndProject
Project("{9A19103F-16F7-4668-BE54-9A1E7A4F7556}") = "AppServices", "AppServices\AppServices.csproj", "{B7D1592A-660B-4D15-937E-FEB8BA2AAB32}"
EndProject
Project("{9A19103F-16F7-4668-BE54-9A1E7A4F7556}") = "AppDomain", "AppDomain\AppDomain.csproj", "{48F86330-27D1-4780-B207-C86C7B1593E7}"
EndProject
Project("{FAE04EC0-301F-11D3-BF4B-00C04F79EFBC}") = "LtsParkingAppApiUnitTests", "LtsParkingAppApiUnitTests\LtsParkingAppApiUnitTests.csproj", "{F964CE47-FB71-4850-BE29-4D00E476E03E}"
EndProject
Global
	GlobalSection(SolutionConfigurationPlatforms) = preSolution
		Debug|Any CPU = Debug|Any CPU
		Release|Any CPU = Release|Any CPU
	EndGlobalSection
	GlobalSection(ProjectConfigurationPlatforms) = postSolution
		{ED3C8F83-E133-4ADC-8DBE-DEFFBBB2B2E5}.Debug|Any CPU.ActiveCfg = Debug|Any CPU
		{ED3C8F83-E133-4ADC-8DBE-DEFFBBB2B2E5}.Debug|Any CPU.Build.0 = Debug|Any CPU
		{ED3C8F83-E133-4ADC-8DBE-DEFFBBB2B2E5}.Release|Any CPU.ActiveCfg = Release|Any CPU
		{ED3C8F83-E133-4ADC-8DBE-DEFFBBB2B2E5}.Release|Any CPU.Build.0 = Release|Any CPU
		{B7D1592A-660B-4D15-937E-FEB8BA2AAB32}.Debug|Any CPU.ActiveCfg = Debug|Any CPU
		{B7D1592A-660B-4D15-937E-FEB8BA2AAB32}.Debug|Any CPU.Build.0 = Debug|Any CPU
		{B7D1592A-660B-4D15-937E-FEB8BA2AAB32}.Release|Any CPU.ActiveCfg = Release|Any CPU
		{B7D1592A-660B-4D15-937E-FEB8BA2AAB32}.Release|Any CPU.Build.0 = Release|Any CPU
		{48F86330-27D1-4780-B207-C86C7B1593E7}.Debug|Any CPU.ActiveCfg = Debug|Any CPU
		{48F86330-27D1-4780-B207-C86C7B1593E7}.Debug|Any CPU.Build.0 = Debug|Any CPU
		{48F86330-27D1-4780-B207-C86C7B1593E7}.Release|Any CPU.ActiveCfg = Release|Any CPU
		{48F86330-27D1-4780-B207-C86C7B1593E7}.Release|Any CPU.Build.0 = Release|Any CPU
		{F964CE47-FB71-4850-BE29-4D00E476E03E}.Debug|Any CPU.ActiveCfg = Debug|Any CPU
		{F964CE47-FB71-4850-BE29-4D00E476E03E}.Debug|Any CPU.Build.0 = Debug|Any CPU
		{F964CE47-FB71-4850-BE29-4D00E476E03E}.Release|Any CPU.ActiveCfg = Release|Any CPU
		{F964CE47-FB71-4850-BE29-4D00E476E03E}.Release|Any CPU.Build.0 = Release|Any CPU
	EndGlobalSection
	GlobalSection(SolutionProperties) = preSolution
		HideSolutionNode = FALSE
	EndGlobalSection
	GlobalSection(ExtensibilityGlobals) = postSolution
		SolutionGuid = {4192226B-2234-4846-BE3A-B6879D0D059A}
	EndGlobalSection
EndGlobal
